
Microsoft Visual Studio Solution File, Format Version 12.00
# Visual Studio 15
Project("{FAE04EC0-301F-11D3-BF4B-00C04F79EFBC}") = "Assembly-CSharp", "Assembly-CSharp.csproj", "{C9B347D5-14DC-E861-C81F-2F16332A3447}"
EndProject
Project("{FAE04EC0-301F-11D3-BF4B-00C04F79EFBC}") = "Assembly-CSharp-Editor", "Assembly-CSharp-Editor.csproj", "{796640B3-10DF-3FA9-3DE1-BAE963C5BFB1}"
EndProject
Global
	GlobalSection(SolutionConfigurationPlatforms) = preSolution
		Debug|Any CPU = Debug|Any CPU
		Release|Any CPU = Release|Any CPU
	EndGlobalSection
	GlobalSection(ProjectConfigurationPlatforms) = postSolution
		{C9B347D5-14DC-E861-C81F-2F16332A3447}.Debug|Any CPU.ActiveCfg = Debug|Any CPU
		{C9B347D5-14DC-E861-C81F-2F16332A3447}.Debug|Any CPU.Build.0 = Debug|Any CPU
		{C9B347D5-14DC-E861-C81F-2F16332A3447}.Release|Any CPU.ActiveCfg = Release|Any CPU
		{C9B347D5-14DC-E861-C81F-2F16332A3447}.Release|Any CPU.Build.0 = Release|Any CPU
		{796640B3-10DF-3FA9-3DE1-BAE963C5BFB1}.Debug|Any CPU.ActiveCfg = Debug|Any CPU
		{796640B3-10DF-3FA9-3DE1-BAE963C5BFB1}.Debug|Any CPU.Build.0 = Debug|Any CPU
		{796640B3-10DF-3FA9-3DE1-BAE963C5BFB1}.Release|Any CPU.ActiveCfg = Release|Any CPU
		{796640B3-10DF-3FA9-3DE1-BAE963C5BFB1}.Release|Any CPU.Build.0 = Release|Any CPU
	EndGlobalSection
	GlobalSection(SolutionProperties) = preSolution
		HideSolutionNode = FALSE
	EndGlobalSection
EndGlobal
